// !$*UTF8*$!
{
	archiveVersion = 1;
	classes = {
	};
	objectVersion = 46;
	objects = {

/* Begin PBXBuildFile section */
		470359B01B8E6F970051BEEE /* AppDelegate.swift in Sources */ = {isa = PBXBuildFile; fileRef = 470359AF1B8E6F970051BEEE /* AppDelegate.swift */; };
		470359B21B8E6F970051BEEE /* ViewController.swift in Sources */ = {isa = PBXBuildFile; fileRef = 470359B11B8E6F970051BEEE /* ViewController.swift */; };
		470359B51B8E6F970051BEEE /* Main.storyboard in Resources */ = {isa = PBXBuildFile; fileRef = 470359B31B8E6F970051BEEE /* Main.storyboard */; };
		470359B71B8E6F970051BEEE /* Assets.xcassets in Resources */ = {isa = PBXBuildFile; fileRef = 470359B61B8E6F970051BEEE /* Assets.xcassets */; };
		470359BA1B8E6F970051BEEE /* LaunchScreen.storyboard in Resources */ = {isa = PBXBuildFile; fileRef = 470359B81B8E6F970051BEEE /* LaunchScreen.storyboard */; };
		470359C51B8E6F970051BEEE /* CalculatorTests.swift in Sources */ = {isa = PBXBuildFile; fileRef = 470359C41B8E6F970051BEEE /* CalculatorTests.swift */; };
		470359D01B8E6F970051BEEE /* CalculatorUITests.swift in Sources */ = {isa = PBXBuildFile; fileRef = 470359CF1B8E6F970051BEEE /* CalculatorUITests.swift */; };
/* End PBXBuildFile section */

/* Begin PBXContainerItemProxy section */
		470359C11B8E6F970051BEEE /* PBXContainerItemProxy */ = {
			isa = PBXContainerItemProxy;
			containerPortal = 470359A41B8E6F970051BEEE /* Project object */;
			proxyType = 1;
			remoteGlobalIDString = 470359AB1B8E6F970051BEEE;
			remoteInfo = Calculator;
		};
		470359CC1B8E6F970051BEEE /* PBXContainerItemProxy */ = {
			isa = PBXContainerItemProxy;
			containerPortal = 470359A41B8E6F970051BEEE /* Project object */;
			proxyType = 1;
			remoteGlobalIDString = 470359AB1B8E6F970051BEEE;
			remoteInfo = Calculator;
		};
/* End PBXContainerItemProxy section */

/* Begin PBXFileReference section */
		470359AC1B8E6F970051BEEE /* Calculator.app */ = {isa = PBXFileReference; explicitFileType = wrapper.application; includeInIndex = 0; path = Calculator.app; sourceTree = BUILT_PRODUCTS_DIR; };
		470359AF1B8E6F970051BEEE /* AppDelegate.swift */ = {isa = PBXFileReference; lastKnownFileType = sourcecode.swift; path = AppDelegate.swift; sourceTree = "<group>"; };
		470359B11B8E6F970051BEEE /* ViewController.swift */ = {isa = PBXFileReference; lastKnownFileType = sourcecode.swift; path = ViewController.swift; sourceTree = "<group>"; };
		470359B41B8E6F970051BEEE /* Base */ = {isa = PBXFileReference; lastKnownFileType = file.storyboard; name = Base; path = Base.lproj/Main.storyboard; sourceTree = "<group>"; };
		470359B61B8E6F970051BEEE /* Assets.xcassets */ = {isa = PBXFileReference; lastKnownFileType = folder.assetcatalog; path = Assets.xcassets; sourceTree = "<group>"; };
		470359B91B8E6F970051BEEE /* Base */ = {isa = PBXFileReference; lastKnownFileType = file.storyboard; name = Base; path = Base.lproj/LaunchScreen.storyboard; sourceTree = "<group>"; };
		470359BB1B8E6F970051BEEE /* Info.plist */ = {isa = PBXFileReference; lastKnownFileType = text.plist.xml; path = Info.plist; sourceTree = "<group>"; };
		470359C01B8E6F970051BEEE /* CalculatorTests.xctest */ = {isa = PBXFileReference; explicitFileType = wrapper.cfbundle; includeInIndex = 0; path = CalculatorTests.xctest; sourceTree = BUILT_PRODUCTS_DIR; };
		470359C41B8E6F970051BEEE /* CalculatorTests.swift */ = {isa = PBXFileReference; lastKnownFileType = sourcecode.swift; path = CalculatorTests.swift; sourceTree = "<group>"; };
		470359C61B8E6F970051BEEE /* Info.plist */ = {isa = PBXFileReference; lastKnownFileType = text.plist.xml; path = Info.plist; sourceTree = "<group>"; };
		470359CB1B8E6F970051BEEE /* CalculatorUITests.xctest */ = {isa = PBXFileReference; explicitFileType = wrapper.cfbundle; includeInIndex = 0; path = CalculatorUITests.xctest; sourceTree = BUILT_PRODUCTS_DIR; };
		470359CF1B8E6F970051BEEE /* CalculatorUITests.swift */ = {isa = PBXFileReference; lastKnownFileType = sourcecode.swift; path = CalculatorUITests.swift; sourceTree = "<group>"; };
		470359D11B8E6F970051BEEE /* Info.plist */ = {isa = PBXFileReference; lastKnownFileType = text.plist.xml; path = Info.plist; sourceTree = "<group>"; };
/* End PBXFileReference section */

/* Begin PBXFrameworksBuildPhase section */
		470359A91B8E6F970051BEEE /* Frameworks */ = {
			isa = PBXFrameworksBuildPhase;
			buildActionMask = 2147483647;
			files = (
			);
			runOnlyForDeploymentPostprocessing = 0;
		};
		470359BD1B8E6F970051BEEE /* Frameworks */ = {
			isa = PBXFrameworksBuildPhase;
			buildActionMask = 2147483647;
			files = (
			);
			runOnlyForDeploymentPostprocessing = 0;
		};
		470359C81B8E6F970051BEEE /* Frameworks */ = {
			isa = PBXFrameworksBuildPhase;
			buildActionMask = 2147483647;
			files = (
			);
			runOnlyForDeploymentPostprocessing = 0;
		};
/* End PBXFrameworksBuildPhase section */

/* Begin PBXGroup section */
		470359A31B8E6F970051BEEE = {
			isa = PBXGroup;
			children = (
				470359AE1B8E6F970051BEEE /* Calculator */,
				470359C31B8E6F970051BEEE /* CalculatorTests */,
				470359CE1B8E6F970051BEEE /* CalculatorUITests */,
				470359AD1B8E6F970051BEEE /* Products */,
			);
			sourceTree = "<group>";
		};
		470359AD1B8E6F970051BEEE /* Products */ = {
			isa = PBXGroup;
			children = (
				470359AC1B8E6F970051BEEE /* Calculator.app */,
				470359C01B8E6F970051BEEE /* CalculatorTests.xctest */,
				470359CB1B8E6F970051BEEE /* CalculatorUITests.xctest */,
			);
			name = Products;
			sourceTree = "<group>";
		};
		470359AE1B8E6F970051BEEE /* Calculator */ = {
			isa = PBXGroup;
			children = (
				470359DD1B8F99280051BEEE /* Supporting Files */,
				470359B11B8E6F970051BEEE /* ViewController.swift */,
				470359B31B8E6F970051BEEE /* Main.storyboard */,
			);
			path = Calculator;
			sourceTree = "<group>";
		};
		470359C31B8E6F970051BEEE /* CalculatorTests */ = {
			isa = PBXGroup;
			children = (
				470359C41B8E6F970051BEEE /* CalculatorTests.swift */,
				470359C61B8E6F970051BEEE /* Info.plist */,
			);
			path = CalculatorTests;
			sourceTree = "<group>";
		};
		470359CE1B8E6F970051BEEE /* CalculatorUITests */ = {
			isa = PBXGroup;
			children = (
				470359CF1B8E6F970051BEEE /* CalculatorUITests.swift */,
				470359D11B8E6F970051BEEE /* Info.plist */,
			);
			path = CalculatorUITests;
			sourceTree = "<group>";
		};
		470359DD1B8F99280051BEEE /* Supporting Files */ = {
			isa = PBXGroup;
			children = (
				470359B61B8E6F970051BEEE /* Assets.xcassets */,
				470359B81B8E6F970051BEEE /* LaunchScreen.storyboard */,
				470359BB1B8E6F970051BEEE /* Info.plist */,
				470359AF1B8E6F970051BEEE /* AppDelegate.swift */,
			);
			name = "Supporting Files";
			sourceTree = "<group>";
		};
/* End PBXGroup section */

/* Begin PBXNativeTarget section */
		470359AB1B8E6F970051BEEE /* Calculator */ = {
			isa = PBXNativeTarget;
			buildConfigurationList = 470359D41B8E6F970051BEEE /* Build configuration list for PBXNativeTarget "Calculator" */;
			buildPhases = (
				470359A81B8E6F970051BEEE /* Sources */,
				470359A91B8E6F970051BEEE /* Frameworks */,
				470359AA1B8E6F970051BEEE /* Resources */,
			);
			buildRules = (
			);
			dependencies = (
			);
			name = Calculator;
			productName = Calculator;
			productReference = 470359AC1B8E6F970051BEEE /* Calculator.app */;
			productType = "com.apple.product-type.application";
		};
		470359BF1B8E6F970051BEEE /* CalculatorTests */ = {
			isa = PBXNativeTarget;
			buildConfigurationList = 470359D71B8E6F970051BEEE /* Build configuration list for PBXNativeTarget "CalculatorTests" */;
			buildPhases = (
				470359BC1B8E6F970051BEEE /* Sources */,
				470359BD1B8E6F970051BEEE /* Frameworks */,
				470359BE1B8E6F970051BEEE /* Resources */,
			);
			buildRules = (
			);
			dependencies = (
				470359C21B8E6F970051BEEE /* PBXTargetDependency */,
			);
			name = CalculatorTests;
			productName = CalculatorTests;
			productReference = 470359C01B8E6F970051BEEE /* CalculatorTests.xctest */;
			productType = "com.apple.product-type.bundle.unit-test";
		};
		470359CA1B8E6F970051BEEE /* CalculatorUITests */ = {
			isa = PBXNativeTarget;
			buildConfigurationList = 470359DA1B8E6F970051BEEE /* Build configuration list for PBXNativeTarget "CalculatorUITests" */;
			buildPhases = (
				470359C71B8E6F970051BEEE /* Sources */,
				470359C81B8E6F970051BEEE /* Frameworks */,
				470359C91B8E6F970051BEEE /* Resources */,
			);
			buildRules = (
			);
			dependencies = (
				470359CD1B8E6F970051BEEE /* PBXTargetDependency */,
			);
			name = CalculatorUITests;
			productName = CalculatorUITests;
			productReference = 470359CB1B8E6F970051BEEE /* CalculatorUITests.xctest */;
			productType = "com.apple.product-type.bundle.ui-testing";
		};
/* End PBXNativeTarget section */

/* Begin PBXProject section */
		470359A41B8E6F970051BEEE /* Project object */ = {
			isa = PBXProject;
			attributes = {
				LastUpgradeCheck = 0700;
				ORGANIZATIONNAME = 99Taxis;
				TargetAttributes = {
					470359AB1B8E6F970051BEEE = {
						CreatedOnToolsVersion = 7.0;
					};
					470359BF1B8E6F970051BEEE = {
						CreatedOnToolsVersion = 7.0;
						TestTargetID = 470359AB1B8E6F970051BEEE;
					};
					470359CA1B8E6F970051BEEE = {
						CreatedOnToolsVersion = 7.0;
						TestTargetID = 470359AB1B8E6F970051BEEE;
					};
				};
			};
			buildConfigurationList = 470359A71B8E6F970051BEEE /* Build configuration list for PBXProject "Calculator" */;
			compatibilityVersion = "Xcode 3.2";
			developmentRegion = English;
			hasScannedForEncodings = 0;
			knownRegions = (
				en,
				Base,
			);
			mainGroup = 470359A31B8E6F970051BEEE;
			productRefGroup = 470359AD1B8E6F970051BEEE /* Products */;
			projectDirPath = "";
			projectRoot = "";
			targets = (
				470359AB1B8E6F970051BEEE /* Calculator */,
				470359BF1B8E6F970051BEEE /* CalculatorTests */,
				470359CA1B8E6F970051BEEE /* CalculatorUITests */,
			);
		};
/* End PBXProject section */

/* Begin PBXResourcesBuildPhase section */
		470359AA1B8E6F970051BEEE /* Resources */ = {
			isa = PBXResourcesBuildPhase;
			buildActionMask = 2147483647;
			files = (
				470359BA1B8E6F970051BEEE /* LaunchScreen.storyboard in Resources */,
				470359B71B8E6F970051BEEE /* Assets.xcassets in Resources */,
				470359B51B8E6F970051BEEE /* Main.storyboard in Resources */,
			);
			runOnlyForDeploymentPostprocessing = 0;
		};
		470359BE1B8E6F970051BEEE /* Resources */ = {
			isa = PBXResourcesBuildPhase;
			buildActionMask = 2147483647;
			files = (
			);
			runOnlyForDeploymentPostprocessing = 0;
		};
		470359C91B8E6F970051BEEE /* Resources */ = {
			isa = PBXResourcesBuildPhase;
			buildActionMask = 2147483647;
			files = (
			);
			runOnlyForDeploymentPostprocessing = 0;
		};
/* End PBXResourcesBuildPhase section */

/* Begin PBXSourcesBuildPhase section */
		470359A81B8E6F970051BEEE /* Sources */ = {
			isa = PBXSourcesBuildPhase;
			buildActionMask = 2147483647;
			files = (
				470359B21B8E6F970051BEEE /* ViewController.swift in Sources */,
				470359B01B8E6F970051BEEE /* AppDelegate.swift in Sources */,
			);
			runOnlyForDeploymentPostprocessing = 0;
		};
		470359BC1B8E6F970051BEEE /* Sources */ = {
			isa = PBXSourcesBuildPhase;
			buildActionMask = 2147483647;
			files = (
				470359C51B8E6F970051BEEE /* CalculatorTests.swift in Sources */,
			);
			runOnlyForDeploymentPostprocessing = 0;
		};
		470359C71B8E6F970051BEEE /* Sources */ = {
			isa = PBXSourcesBuildPhase;
			buildActionMask = 2147483647;
			files = (
				470359D01B8E6F970051BEEE /* CalculatorUITests.swift in Sources */,
			);
			runOnlyForDeploymentPostprocessing = 0;
		};
/* End PBXSourcesBuildPhase section */

/* Begin PBXTargetDependency section */
		470359C21B8E6F970051BEEE /* PBXTargetDependency */ = {
			isa = PBXTargetDependency;
			target = 470359AB1B8E6F970051BEEE /* Calculator */;
			targetProxy = 470359C11B8E6F970051BEEE /* PBXContainerItemProxy */;
		};
		470359CD1B8E6F970051BEEE /* PBXTargetDependency */ = {
			isa = PBXTargetDependency;
			target = 470359AB1B8E6F970051BEEE /* Calculator */;
			targetProxy = 470359CC1B8E6F970051BEEE /* PBXContainerItemProxy */;
		};
/* End PBXTargetDependency section */

/* Begin PBXVariantGroup section */
		470359B31B8E6F970051BEEE /* Main.storyboard */ = {
			isa = PBXVariantGroup;
			children = (
				470359B41B8E6F970051BEEE /* Base */,
			);
			name = Main.storyboard;
			sourceTree = "<group>";
		};
		470359B81B8E6F970051BEEE /* LaunchScreen.storyboard */ = {
			isa = PBXVariantGroup;
			children = (
				470359B91B8E6F970051BEEE /* Base */,
			);
			name = LaunchScreen.storyboard;
			sourceTree = "<group>";
		};
/* End PBXVariantGroup section */

/* Begin XCBuildConfiguration section */
		470359D21B8E6F970051BEEE /* Debug */ = {
			isa = XCBuildConfiguration;
			buildSettings = {
				ALWAYS_SEARCH_USER_PATHS = NO;
				CLANG_CXX_LANGUAGE_STANDARD = "gnu++0x";
				CLANG_CXX_LIBRARY = "libc++";
				CLANG_ENABLE_MODULES = YES;
				CLANG_ENABLE_OBJC_ARC = YES;
				CLANG_WARN_BOOL_CONVERSION = YES;
				CLANG_WARN_CONSTANT_CONVERSION = YES;
				CLANG_WARN_DIRECT_OBJC_ISA_USAGE = YES_ERROR;
				CLANG_WARN_EMPTY_BODY = YES;
				CLANG_WARN_ENUM_CONVERSION = YES;
				CLANG_WARN_INT_CONVERSION = YES;
				CLANG_WARN_OBJC_ROOT_CLASS = YES_ERROR;
				CLANG_WARN_UNREACHABLE_CODE = YES;
				CLANG_WARN__DUPLICATE_METHOD_MATCH = YES;
				"CODE_SIGN_IDENTITY[sdk=iphoneos*]" = "iPhone Developer";
				COPY_PHASE_STRIP = NO;
				DEBUG_INFORMATION_FORMAT = dwarf;
				ENABLE_STRICT_OBJC_MSGSEND = YES;
				ENABLE_TESTABILITY = YES;
				GCC_C_LANGUAGE_STANDARD = gnu99;
				GCC_DYNAMIC_NO_PIC = NO;
				GCC_NO_COMMON_BLOCKS = YES;
				GCC_OPTIMIZATION_LEVEL = 0;
				GCC_PREPROCESSOR_DEFINITIONS = (
					"DEBUG=1",
					"$(inherited)",
				);
				GCC_WARN_64_TO_32_BIT_CONVERSION = YES;
				GCC_WARN_ABOUT_RETURN_TYPE = YES_ERROR;
				GCC_WARN_UNDECLARED_SELECTOR = YES;
				GCC_WARN_UNINITIALIZED_AUTOS = YES_AGGRESSIVE;
				GCC_WARN_UNUSED_FUNCTION = YES;
				GCC_WARN_UNUSED_VARIABLE = YES;
				IPHONEOS_DEPLOYMENT_TARGET = 9.0;
				MTL_ENABLE_DEBUG_INFO = YES;
				ONLY_ACTIVE_ARCH = YES;
				SDKROOT = iphoneos;
				SWIFT_OPTIMIZATION_LEVEL = "-Onone";
				TARGETED_DEVICE_FAMILY = "1,2";
			};
			name = Debug;
		};
		470359D31B8E6F970051BEEE /* Release */ = {
			isa = XCBuildConfiguration;
			buildSettings = {
				ALWAYS_SEARCH_USER_PATHS = NO;
				CLANG_CXX_LANGUAGE_STANDARD = "gnu++0x";
				CLANG_CXX_LIBRARY = "libc++";
				CLANG_ENABLE_MODULES = YES;
				CLANG_ENABLE_OBJC_ARC = YES;
				CLANG_WARN_BOOL_CONVERSION = YES;
				CLANG_WARN_CONSTANT_CONVERSION = YES;
				CLANG_WARN_DIRECT_OBJC_ISA_USAGE = YES_ERROR;
				CLANG_WARN_EMPTY_BODY = YES;
				CLANG_WARN_ENUM_CONVERSION = YES;
				CLANG_WARN_INT_CONVERSION = YES;
				CLANG_WARN_OBJC_ROOT_CLASS = YES_ERROR;
				CLANG_WARN_UNREACHABLE_CODE = YES;
				CLANG_WARN__DUPLICATE_METHOD_MATCH = YES;
				"CODE_SIGN_IDENTITY[sdk=iphoneos*]" = "iPhone Developer";
				COPY_PHASE_STRIP = NO;
				DEBUG_INFORMATION_FORMAT = "dwarf-with-dsym";
				ENABLE_NS_ASSERTIONS = NO;
				ENABLE_STRICT_OBJC_MSGSEND = YES;
				GCC_C_LANGUAGE_STANDARD = gnu99;
				GCC_NO_COMMON_BLOCKS = YES;
				GCC_WARN_64_TO_32_BIT_CONVERSION = YES;
				GCC_WARN_ABOUT_RETURN_TYPE = YES_ERROR;
				GCC_WARN_UNDECLARED_SELECTOR = YES;
				GCC_WARN_UNINITIALIZED_AUTOS = YES_AGGRESSIVE;
				GCC_WARN_UNUSED_FUNCTION = YES;
				GCC_WARN_UNUSED_VARIABLE = YES;
				IPHONEOS_DEPLOYMENT_TARGET = 9.0;
				MTL_ENABLE_DEBUG_INFO = NO;
				SDKROOT = iphoneos;
				TARGETED_DEVICE_FAMILY = "1,2";
				VALIDATE_PRODUCT = YES;
			};
			name = Release;
		};
		470359D51B8E6F970051BEEE /* Debug */ = {
			isa = XCBuildConfiguration;
			buildSettings = {
				ASSETCATALOG_COMPILER_APPICON_NAME = AppIcon;
				INFOPLIST_FILE = Calculator/Info.plist;
				LD_RUNPATH_SEARCH_PATHS = "$(inherited) @executable_path/Frameworks";
				PRODUCT_BUNDLE_IDENTIFIER = com.99taxis.Calculator;
				PRODUCT_NAME = "$(TARGET_NAME)";
			};
			name = Debug;
		};
		470359D61B8E6F970051BEEE /* Release */ = {
			isa = XCBuildConfiguration;
			buildSettings = {
				ASSETCATALOG_COMPILER_APPICON_NAME = AppIcon;
				INFOPLIST_FILE = Calculator/Info.plist;
				LD_RUNPATH_SEARCH_PATHS = "$(inherited) @executable_path/Frameworks";
				PRODUCT_BUNDLE_IDENTIFIER = com.99taxis.Calculator;
				PRODUCT_NAME = "$(TARGET_NAME)";
			};
			name = Release;
		};
		470359D81B8E6F970051BEEE /* Debug */ = {
			isa = XCBuildConfiguration;
			buildSettings = {
				BUNDLE_LOADER = "$(TEST_HOST)";
				INFOPLIST_FILE = CalculatorTests/Info.plist;
				LD_RUNPATH_SEARCH_PATHS = "$(inherited) @executable_path/Frameworks @loader_path/Frameworks";
				PRODUCT_BUNDLE_IDENTIFIER = com.99taxis.CalculatorTests;
				PRODUCT_NAME = "$(TARGET_NAME)";
				TEST_HOST = "$(BUILT_PRODUCTS_DIR)/Calculator.app/Calculator";
			};
			name = Debug;
		};
		470359D91B8E6F970051BEEE /* Release */ = {
			isa = XCBuildConfiguration;
			buildSettings = {
				BUNDLE_LOADER = "$(TEST_HOST)";
				INFOPLIST_FILE = CalculatorTests/Info.plist;
				LD_RUNPATH_SEARCH_PATHS = "$(inherited) @executable_path/Frameworks @loader_path/Frameworks";
				PRODUCT_BUNDLE_IDENTIFIER = com.99taxis.CalculatorTests;
				PRODUCT_NAME = "$(TARGET_NAME)";
				TEST_HOST = "$(BUILT_PRODUCTS_DIR)/Calculator.app/Calculator";
			};
			name = Release;
		};
		470359DB1B8E6F970051BEEE /* Debug */ = {
			isa = XCBuildConfiguration;
			buildSettings = {
				INFOPLIST_FILE = CalculatorUITests/Info.plist;
				LD_RUNPATH_SEARCH_PATHS = "$(inherited) @executable_path/Frameworks @loader_path/Frameworks";
				PRODUCT_BUNDLE_IDENTIFIER = com.99taxis.CalculatorUITests;
				PRODUCT_NAME = "$(TARGET_NAME)";
				TEST_TARGET_NAME = Calculator;
				USES_XCTRUNNER = YES;
			};
			name = Debug;
		};
		470359DC1B8E6F970051BEEE /* Release */ = {
			isa = XCBuildConfiguration;
			buildSettings = {
				INFOPLIST_FILE = CalculatorUITests/Info.plist;
				LD_RUNPATH_SEARCH_PATHS = "$(inherited) @executable_path/Frameworks @loader_path/Frameworks";
				PRODUCT_BUNDLE_IDENTIFIER = com.99taxis.CalculatorUITests;
				PRODUCT_NAME = "$(TARGET_NAME)";
				TEST_TARGET_NAME = Calculator;
				USES_XCTRUNNER = YES;
			};
			name = Release;
		};
/* End XCBuildConfiguration section */

/* Begin XCConfigurationList section */
		470359A71B8E6F970051BEEE /* Build configuration list for PBXProject "Calculator" */ = {
			isa = XCConfigurationList;
			buildConfigurations = (
				470359D21B8E6F970051BEEE /* Debug */,
				470359D31B8E6F970051BEEE /* Release */,
			);
			defaultConfigurationIsVisible = 0;
			defaultConfigurationName = Release;
		};
		470359D41B8E6F970051BEEE /* Build configuration list for PBXNativeTarget "Calculator" */ = {
			isa = XCConfigurationList;
			buildConfigurations = (
				470359D51B8E6F970051BEEE /* Debug */,
				470359D61B8E6F970051BEEE /* Release */,
			);
			defaultConfigurationIsVisible = 0;
		};
		470359D71B8E6F970051BEEE /* Build configuration list for PBXNativeTarget "CalculatorTests" */ = {
			isa = XCConfigurationList;
			buildConfigurations = (
				470359D81B8E6F970051BEEE /* Debug */,
				470359D91B8E6F970051BEEE /* Release */,
			);
			defaultConfigurationIsVisible = 0;
		};
		470359DA1B8E6F970051BEEE /* Build configuration list for PBXNativeTarget "CalculatorUITests" */ = {
			isa = XCConfigurationList;
			buildConfigurations = (
				470359DB1B8E6F970051BEEE /* Debug */,
				470359DC1B8E6F970051BEEE /* Release */,
			);
			defaultConfigurationIsVisible = 0;
		};
/* End XCConfigurationList section */
	};
	rootObject = 470359A41B8E6F970051BEEE /* Project object */;
}
